
Microsoft Visual Studio Solution File, Format Version 12.00
# Visual Studio 15
VisualStudioVersion = 15.0.28010.2016
MinimumVisualStudioVersion = 10.0.40219.1
Project("{FAE04EC0-301F-11D3-BF4B-00C04F79EFBC}") = "FlightPlannerC", "FlightPlannerC\FlightPlannerC.csproj", "{2C0BF0B5-840E-4004-8E95-992513A101E5}"
EndProject
Global
	GlobalSection(SolutionConfigurationPlatforms) = preSolution
		Debug|Any CPU = Debug|Any CPU
		Release|Any CPU = Release|Any CPU
	EndGlobalSection
	GlobalSection(ProjectConfigurationPlatforms) = postSolution
		{2C0BF0B5-840E-4004-8E95-992513A101E5}.Debug|Any CPU.ActiveCfg = Debug|Any CPU
		{2C0BF0B5-840E-4004-8E95-992513A101E5}.Debug|Any CPU.Build.0 = Debug|Any CPU
		{2C0BF0B5-840E-4004-8E95-992513A101E5}.Release|Any CPU.ActiveCfg = Release|Any CPU
		{2C0BF0B5-840E-4004-8E95-992513A101E5}.Release|Any CPU.Build.0 = Release|Any CPU
	EndGlobalSection
	GlobalSection(SolutionProperties) = preSolution
		HideSolutionNode = FALSE
	EndGlobalSection
	GlobalSection(ExtensibilityGlobals) = postSolution
		SolutionGuid = {6EC9015A-6A49-46B4-8A3D-7611A1ABB4B0}
	EndGlobalSection
EndGlobal
